
Microsoft Visual Studio Solution File, Format Version 12.00
# Visual Studio Version 16
VisualStudioVersion = 16.0.30621.155
MinimumVisualStudioVersion = 10.0.40219.1
Project("{8BC9CEB8-8B4A-11D0-8D11-00A0C91BC942}") = "Progect 8.2(2)", "Progect 8.2(2).vcxproj", "{52172915-FFFC-488C-8ED3-EF68DB4C42E2}"
EndProject
Project("{8BC9CEB8-8B4A-11D0-8D11-00A0C91BC942}") = "UnitTest 8.2", "UnitTest 8.2\UnitTest 8.2.vcxproj", "{E78FEB08-93BE-4EFA-AF13-3C6AC977A648}"
EndProject
Global
	GlobalSection(SolutionConfigurationPlatforms) = preSolution
		Debug|x64 = Debug|x64
		Debug|x86 = Debug|x86
		Release|x64 = Release|x64
		Release|x86 = Release|x86
	EndGlobalSection
	GlobalSection(ProjectConfigurationPlatforms) = postSolution
		{52172915-FFFC-488C-8ED3-EF68DB4C42E2}.Debug|x64.ActiveCfg = Debug|x64
		{52172915-FFFC-488C-8ED3-EF68DB4C42E2}.Debug|x64.Build.0 = Debug|x64
		{52172915-FFFC-488C-8ED3-EF68DB4C42E2}.Debug|x86.ActiveCfg = Debug|Win32
		{52172915-FFFC-488C-8ED3-EF68DB4C42E2}.Debug|x86.Build.0 = Debug|Win32
		{52172915-FFFC-488C-8ED3-EF68DB4C42E2}.Release|x64.ActiveCfg = Release|x64
		{52172915-FFFC-488C-8ED3-EF68DB4C42E2}.Release|x64.Build.0 = Release|x64
		{52172915-FFFC-488C-8ED3-EF68DB4C42E2}.Release|x86.ActiveCfg = Release|Win32
		{52172915-FFFC-488C-8ED3-EF68DB4C42E2}.Release|x86.Build.0 = Release|Win32
		{E78FEB08-93BE-4EFA-AF13-3C6AC977A648}.Debug|x64.ActiveCfg = Debug|x64
		{E78FEB08-93BE-4EFA-AF13-3C6AC977A648}.Debug|x64.Build.0 = Debug|x64
		{E78FEB08-93BE-4EFA-AF13-3C6AC977A648}.Debug|x86.ActiveCfg = Debug|Win32
		{E78FEB08-93BE-4EFA-AF13-3C6AC977A648}.Debug|x86.Build.0 = Debug|Win32
		{E78FEB08-93BE-4EFA-AF13-3C6AC977A648}.Release|x64.ActiveCfg = Release|x64
		{E78FEB08-93BE-4EFA-AF13-3C6AC977A648}.Release|x64.Build.0 = Release|x64
		{E78FEB08-93BE-4EFA-AF13-3C6AC977A648}.Release|x86.ActiveCfg = Release|Win32
		{E78FEB08-93BE-4EFA-AF13-3C6AC977A648}.Release|x86.Build.0 = Release|Win32
	EndGlobalSection
	GlobalSection(SolutionProperties) = preSolution
		HideSolutionNode = FALSE
	EndGlobalSection
	GlobalSection(ExtensibilityGlobals) = postSolution
		SolutionGuid = {E518CDF9-2EB2-42B4-8871-D0C6FF9E7344}
	EndGlobalSection
EndGlobal
